
Microsoft Visual Studio Solution File, Format Version 12.00
# Visual Studio Version 17
VisualStudioVersion = 17.10.35122.118
MinimumVisualStudioVersion = 10.0.40219.1
Project("{FAE04EC0-301F-11D3-BF4B-00C04F79EFBC}") = "Activity2", "Activity2\Activity2.csproj", "{D4A3C69A-EA15-4387-A498-F0D7774A1A02}"
EndProject
Global
	GlobalSection(SolutionConfigurationPlatforms) = preSolution
		Debug|Any CPU = Debug|Any CPU
		Release|Any CPU = Release|Any CPU
	EndGlobalSection
	GlobalSection(ProjectConfigurationPlatforms) = postSolution
		{D4A3C69A-EA15-4387-A498-F0D7774A1A02}.Debug|Any CPU.ActiveCfg = Debug|Any CPU
		{D4A3C69A-EA15-4387-A498-F0D7774A1A02}.Debug|Any CPU.Build.0 = Debug|Any CPU
		{D4A3C69A-EA15-4387-A498-F0D7774A1A02}.Release|Any CPU.ActiveCfg = Release|Any CPU
		{D4A3C69A-EA15-4387-A498-F0D7774A1A02}.Release|Any CPU.Build.0 = Release|Any CPU
	EndGlobalSection
	GlobalSection(SolutionProperties) = preSolution
		HideSolutionNode = FALSE
	EndGlobalSection
	GlobalSection(ExtensibilityGlobals) = postSolution
		SolutionGuid = {1D618AE7-FDD5-44DE-973D-18A1D32C10D0}
	EndGlobalSection
EndGlobal
